
Microsoft Visual Studio Solution File, Format Version 12.00
# Visual Studio 14
VisualStudioVersion = 14.0.24720.0
MinimumVisualStudioVersion = 10.0.40219.1
Project("{FAE04EC0-301F-11D3-BF4B-00C04F79EFBC}") = "1-4. Point", "1-4. Point\1-4. Point.csproj", "{8B2DFFEE-D237-4A7F-9299-EA7688FC8993}"
EndProject
Project("{FAE04EC0-301F-11D3-BF4B-00C04F79EFBC}") = "5-7. GenericClass", "5-7. GenericClass\5-7. GenericClass.csproj", "{39EFE93B-7EED-4DE6-8056-EA9470E54C29}"
EndProject
Project("{FAE04EC0-301F-11D3-BF4B-00C04F79EFBC}") = "8-11. Matrix", "8-11. Matrix\8-11. Matrix.csproj", "{92BAC7E3-498E-4766-A8B4-0C48AFCBA1FD}"
EndProject
Project("{FAE04EC0-301F-11D3-BF4B-00C04F79EFBC}") = "11. Attributes", "11. Attributes\11. Attributes.csproj", "{765D6F47-1DBE-421B-8FE9-4F0A4DAE6141}"
EndProject
Global
	GlobalSection(SolutionConfigurationPlatforms) = preSolution
		Debug|Any CPU = Debug|Any CPU
		Release|Any CPU = Release|Any CPU
	EndGlobalSection
	GlobalSection(ProjectConfigurationPlatforms) = postSolution
		{8B2DFFEE-D237-4A7F-9299-EA7688FC8993}.Debug|Any CPU.ActiveCfg = Debug|Any CPU
		{8B2DFFEE-D237-4A7F-9299-EA7688FC8993}.Debug|Any CPU.Build.0 = Debug|Any CPU
		{8B2DFFEE-D237-4A7F-9299-EA7688FC8993}.Release|Any CPU.ActiveCfg = Release|Any CPU
		{8B2DFFEE-D237-4A7F-9299-EA7688FC8993}.Release|Any CPU.Build.0 = Release|Any CPU
		{39EFE93B-7EED-4DE6-8056-EA9470E54C29}.Debug|Any CPU.ActiveCfg = Debug|Any CPU
		{39EFE93B-7EED-4DE6-8056-EA9470E54C29}.Debug|Any CPU.Build.0 = Debug|Any CPU
		{39EFE93B-7EED-4DE6-8056-EA9470E54C29}.Release|Any CPU.ActiveCfg = Release|Any CPU
		{39EFE93B-7EED-4DE6-8056-EA9470E54C29}.Release|Any CPU.Build.0 = Release|Any CPU
		{92BAC7E3-498E-4766-A8B4-0C48AFCBA1FD}.Debug|Any CPU.ActiveCfg = Debug|Any CPU
		{92BAC7E3-498E-4766-A8B4-0C48AFCBA1FD}.Debug|Any CPU.Build.0 = Debug|Any CPU
		{92BAC7E3-498E-4766-A8B4-0C48AFCBA1FD}.Release|Any CPU.ActiveCfg = Release|Any CPU
		{92BAC7E3-498E-4766-A8B4-0C48AFCBA1FD}.Release|Any CPU.Build.0 = Release|Any CPU
		{765D6F47-1DBE-421B-8FE9-4F0A4DAE6141}.Debug|Any CPU.ActiveCfg = Debug|Any CPU
		{765D6F47-1DBE-421B-8FE9-4F0A4DAE6141}.Debug|Any CPU.Build.0 = Debug|Any CPU
		{765D6F47-1DBE-421B-8FE9-4F0A4DAE6141}.Release|Any CPU.ActiveCfg = Release|Any CPU
		{765D6F47-1DBE-421B-8FE9-4F0A4DAE6141}.Release|Any CPU.Build.0 = Release|Any CPU
	EndGlobalSection
	GlobalSection(SolutionProperties) = preSolution
		HideSolutionNode = FALSE
	EndGlobalSection
EndGlobal
