
Microsoft Visual Studio Solution File, Format Version 12.00
# Visual Studio 14
VisualStudioVersion = 14.0.24720.0
MinimumVisualStudioVersion = 10.0.40219.1
Project("{FAE04EC0-301F-11D3-BF4B-00C04F79EFBC}") = "01. SquareRoot", "01. SquareRoot\01. SquareRoot.csproj", "{68856E4F-CE10-4FB0-9B32-EBC2E3FDC56A}"
EndProject
Project("{FAE04EC0-301F-11D3-BF4B-00C04F79EFBC}") = "02. EnterNumbers", "02. EnterNumbers\02. EnterNumbers.csproj", "{2A2CD31F-F78F-4EDB-8A6D-9909F93C3C58}"
EndProject
Global
	GlobalSection(SolutionConfigurationPlatforms) = preSolution
		Debug|Any CPU = Debug|Any CPU
		Release|Any CPU = Release|Any CPU
	EndGlobalSection
	GlobalSection(ProjectConfigurationPlatforms) = postSolution
		{68856E4F-CE10-4FB0-9B32-EBC2E3FDC56A}.Debug|Any CPU.ActiveCfg = Debug|Any CPU
		{68856E4F-CE10-4FB0-9B32-EBC2E3FDC56A}.Debug|Any CPU.Build.0 = Debug|Any CPU
		{68856E4F-CE10-4FB0-9B32-EBC2E3FDC56A}.Release|Any CPU.ActiveCfg = Release|Any CPU
		{68856E4F-CE10-4FB0-9B32-EBC2E3FDC56A}.Release|Any CPU.Build.0 = Release|Any CPU
		{2A2CD31F-F78F-4EDB-8A6D-9909F93C3C58}.Debug|Any CPU.ActiveCfg = Debug|Any CPU
		{2A2CD31F-F78F-4EDB-8A6D-9909F93C3C58}.Debug|Any CPU.Build.0 = Debug|Any CPU
		{2A2CD31F-F78F-4EDB-8A6D-9909F93C3C58}.Release|Any CPU.ActiveCfg = Release|Any CPU
		{2A2CD31F-F78F-4EDB-8A6D-9909F93C3C58}.Release|Any CPU.Build.0 = Release|Any CPU
	EndGlobalSection
	GlobalSection(SolutionProperties) = preSolution
		HideSolutionNode = FALSE
	EndGlobalSection
EndGlobal
