
Microsoft Visual Studio Solution File, Format Version 12.00
# Visual Studio 14
VisualStudioVersion = 14.0.24720.0
MinimumVisualStudioVersion = 10.0.40219.1
Project("{FAE04EC0-301F-11D3-BF4B-00C04F79EFBC}") = "01. FillTheMatrix", "FillTheMatrix\01. FillTheMatrix.csproj", "{33ECA640-576A-4502-950E-12622F125B2F}"
EndProject
Project("{FAE04EC0-301F-11D3-BF4B-00C04F79EFBC}") = "02. MaximalSum", "02. MaximalSum\02. MaximalSum.csproj", "{ED222049-BF55-4ADE-8D18-960BE277787D}"
EndProject
Project("{FAE04EC0-301F-11D3-BF4B-00C04F79EFBC}") = "03. SequenceInMatrix", "SequenceInMatrix\03. SequenceInMatrix.csproj", "{F55A0F67-E8BF-4B0D-AD62-2EA72E96978D}"
EndProject
Global
	GlobalSection(SolutionConfigurationPlatforms) = preSolution
		Debug|Any CPU = Debug|Any CPU
		Release|Any CPU = Release|Any CPU
	EndGlobalSection
	GlobalSection(ProjectConfigurationPlatforms) = postSolution
		{33ECA640-576A-4502-950E-12622F125B2F}.Debug|Any CPU.ActiveCfg = Debug|Any CPU
		{33ECA640-576A-4502-950E-12622F125B2F}.Debug|Any CPU.Build.0 = Debug|Any CPU
		{33ECA640-576A-4502-950E-12622F125B2F}.Release|Any CPU.ActiveCfg = Release|Any CPU
		{33ECA640-576A-4502-950E-12622F125B2F}.Release|Any CPU.Build.0 = Release|Any CPU
		{ED222049-BF55-4ADE-8D18-960BE277787D}.Debug|Any CPU.ActiveCfg = Debug|Any CPU
		{ED222049-BF55-4ADE-8D18-960BE277787D}.Debug|Any CPU.Build.0 = Debug|Any CPU
		{ED222049-BF55-4ADE-8D18-960BE277787D}.Release|Any CPU.ActiveCfg = Release|Any CPU
		{ED222049-BF55-4ADE-8D18-960BE277787D}.Release|Any CPU.Build.0 = Release|Any CPU
		{F55A0F67-E8BF-4B0D-AD62-2EA72E96978D}.Debug|Any CPU.ActiveCfg = Debug|Any CPU
		{F55A0F67-E8BF-4B0D-AD62-2EA72E96978D}.Debug|Any CPU.Build.0 = Debug|Any CPU
		{F55A0F67-E8BF-4B0D-AD62-2EA72E96978D}.Release|Any CPU.ActiveCfg = Release|Any CPU
		{F55A0F67-E8BF-4B0D-AD62-2EA72E96978D}.Release|Any CPU.Build.0 = Release|Any CPU
	EndGlobalSection
	GlobalSection(SolutionProperties) = preSolution
		HideSolutionNode = FALSE
	EndGlobalSection
EndGlobal
